
Microsoft Visual Studio Solution File, Format Version 12.00
# Visual Studio Version 16
VisualStudioVersion = 16.0.29519.87
MinimumVisualStudioVersion = 10.0.40219.1
Project("{FAE04EC0-301F-11D3-BF4B-00C04F79EFBC}") = "NpgsqlIntroduction", "NpgsqlIntroduction\NpgsqlIntroduction.csproj", "{FD167017-5F6F-48AA-98F0-8BE2FC4BE5C8}"
EndProject
Global
	GlobalSection(SolutionConfigurationPlatforms) = preSolution
		Debug|Any CPU = Debug|Any CPU
		Release|Any CPU = Release|Any CPU
	EndGlobalSection
	GlobalSection(ProjectConfigurationPlatforms) = postSolution
		{FD167017-5F6F-48AA-98F0-8BE2FC4BE5C8}.Debug|Any CPU.ActiveCfg = Debug|Any CPU
		{FD167017-5F6F-48AA-98F0-8BE2FC4BE5C8}.Debug|Any CPU.Build.0 = Debug|Any CPU
		{FD167017-5F6F-48AA-98F0-8BE2FC4BE5C8}.Release|Any CPU.ActiveCfg = Release|Any CPU
		{FD167017-5F6F-48AA-98F0-8BE2FC4BE5C8}.Release|Any CPU.Build.0 = Release|Any CPU
	EndGlobalSection
	GlobalSection(SolutionProperties) = preSolution
		HideSolutionNode = FALSE
	EndGlobalSection
	GlobalSection(ExtensibilityGlobals) = postSolution
		SolutionGuid = {AA02BB6B-1424-4094-907D-6E5AC7C07D39}
	EndGlobalSection
EndGlobal
